
Microsoft Visual Studio Solution File, Format Version 12.00
# Visual Studio Version 17
VisualStudioVersion = 17.11.35219.272
MinimumVisualStudioVersion = 10.0.40219.1
Project("{9A19103F-16F7-4668-BE54-9A1E7A4F7556}") = "SharpBLT", "SharpBLT\SharpBLT.csproj", "{D11353F6-D8D9-4A82-98F6-3CA182EDF50B}"
EndProject
Project("{8BC9CEB8-8B4A-11D0-8D11-00A0C91BC942}") = "IPHLPAPI", "IPHLPAPI\IPHLPAPI.vcxproj", "{0451A986-3139-4A37-B765-9FC700679ED3}"
EndProject
Project("{2150E333-8FDC-42A3-9474-1A3956D46DE8}") = "HostFxr", "HostFxr", "{CBCA5C90-3130-42B3-8F3D-9B8933A7E551}"
EndProject
Global
	GlobalSection(SolutionConfigurationPlatforms) = preSolution
		Debug|Any CPU = Debug|Any CPU
		Debug|x64 = Debug|x64
		Debug|x86 = Debug|x86
		Release|Any CPU = Release|Any CPU
		Release|x64 = Release|x64
		Release|x86 = Release|x86
	EndGlobalSection
	GlobalSection(ProjectConfigurationPlatforms) = postSolution
		{D11353F6-D8D9-4A82-98F6-3CA182EDF50B}.Debug|Any CPU.ActiveCfg = Debug|Any CPU
		{D11353F6-D8D9-4A82-98F6-3CA182EDF50B}.Debug|Any CPU.Build.0 = Debug|Any CPU
		{D11353F6-D8D9-4A82-98F6-3CA182EDF50B}.Debug|x64.ActiveCfg = Debug|Any CPU
		{D11353F6-D8D9-4A82-98F6-3CA182EDF50B}.Debug|x64.Build.0 = Debug|Any CPU
		{D11353F6-D8D9-4A82-98F6-3CA182EDF50B}.Debug|x86.ActiveCfg = Debug|Any CPU
		{D11353F6-D8D9-4A82-98F6-3CA182EDF50B}.Debug|x86.Build.0 = Debug|Any CPU
		{D11353F6-D8D9-4A82-98F6-3CA182EDF50B}.Release|Any CPU.ActiveCfg = Release|Any CPU
		{D11353F6-D8D9-4A82-98F6-3CA182EDF50B}.Release|Any CPU.Build.0 = Release|Any CPU
		{D11353F6-D8D9-4A82-98F6-3CA182EDF50B}.Release|x64.ActiveCfg = Release|Any CPU
		{D11353F6-D8D9-4A82-98F6-3CA182EDF50B}.Release|x64.Build.0 = Release|Any CPU
		{D11353F6-D8D9-4A82-98F6-3CA182EDF50B}.Release|x86.ActiveCfg = Release|Any CPU
		{D11353F6-D8D9-4A82-98F6-3CA182EDF50B}.Release|x86.Build.0 = Release|Any CPU
		{0451A986-3139-4A37-B765-9FC700679ED3}.Debug|Any CPU.ActiveCfg = Debug|x64
		{0451A986-3139-4A37-B765-9FC700679ED3}.Debug|Any CPU.Build.0 = Debug|x64
		{0451A986-3139-4A37-B765-9FC700679ED3}.Debug|x64.ActiveCfg = Debug|x64
		{0451A986-3139-4A37-B765-9FC700679ED3}.Debug|x64.Build.0 = Debug|x64
		{0451A986-3139-4A37-B765-9FC700679ED3}.Debug|x86.ActiveCfg = Debug|Win32
		{0451A986-3139-4A37-B765-9FC700679ED3}.Debug|x86.Build.0 = Debug|Win32
		{0451A986-3139-4A37-B765-9FC700679ED3}.Release|Any CPU.ActiveCfg = Release|x64
		{0451A986-3139-4A37-B765-9FC700679ED3}.Release|Any CPU.Build.0 = Release|x64
		{0451A986-3139-4A37-B765-9FC700679ED3}.Release|x64.ActiveCfg = Release|x64
		{0451A986-3139-4A37-B765-9FC700679ED3}.Release|x64.Build.0 = Release|x64
		{0451A986-3139-4A37-B765-9FC700679ED3}.Release|x86.ActiveCfg = Release|Win32
		{0451A986-3139-4A37-B765-9FC700679ED3}.Release|x86.Build.0 = Release|Win32
	EndGlobalSection
	GlobalSection(SolutionProperties) = preSolution
		HideSolutionNode = FALSE
	EndGlobalSection
	GlobalSection(ExtensibilityGlobals) = postSolution
		SolutionGuid = {584CDEB0-1F7F-4AB3-AC61-7B486A868F2A}
	EndGlobalSection
EndGlobal
