<?xml version="1.0" encoding="utf-8"?>
<Project ToolsVersion="4.0" xmlns="http://schemas.microsoft.com/developer/msbuild/2003">
  <ItemGroup>
    <Filter Include="Quelldateien">
      <UniqueIdentifier>{4FC737F1-C7A5-4376-A066-2A32D752A2FF}</UniqueIdentifier>
      <Extensions>cpp;c;cc;cxx;c++;cppm;ixx;def;odl;idl;hpj;bat;asm;asmx</Extensions>
    </Filter>
    <Filter Include="Headerdateien">
      <UniqueIdentifier>{93995380-89BD-4b04-88EB-625FBE52EBFB}</UniqueIdentifier>
      <Extensions>h;hh;hpp;hxx;h++;hm;inl;inc;ipp;xsd</Extensions>
    </Filter>
  </ItemGroup>
  <ItemGroup>
    <ClInclude Include="Luajit\src\lualib.h">
      <Filter>Headerdateien</Filter>
    </ClInclude>
    <ClInclude Include="Luajit\src\lauxlib.h">
      <Filter>Headerdateien</Filter>
    </ClInclude>
    <ClInclude Include="Luajit\src\lj_alloc.h">
      <Filter>Headerdateien</Filter>
    </ClInclude>
    <ClInclude Include="Luajit\src\lj_arch.h">
      <Filter>Headerdateien</Filter>
    </ClInclude>
    <ClInclude Include="Luajit\src\lj_asm.h">
      <Filter>Headerdateien</Filter>
    </ClInclude>
    <ClInclude Include="Luajit\src\lj_asm_arm.h">
      <Filter>Headerdateien</Filter>
    </ClInclude>
    <ClInclude Include="Luajit\src\lj_asm_arm64.h">
      <Filter>Headerdateien</Filter>
    </ClInclude>
    <ClInclude Include="Luajit\src\lj_asm_mips.h">
      <Filter>Headerdateien</Filter>
    </ClInclude>
    <ClInclude Include="Luajit\src\lj_asm_ppc.h">
      <Filter>Headerdateien</Filter>
    </ClInclude>
    <ClInclude Include="Luajit\src\lj_asm_x86.h">
      <Filter>Headerdateien</Filter>
    </ClInclude>
    <ClInclude Include="Luajit\src\lj_bc.h">
      <Filter>Headerdateien</Filter>
    </ClInclude>
    <ClInclude Include="Luajit\src\lj_bcdump.h">
      <Filter>Headerdateien</Filter>
    </ClInclude>
    <ClInclude Include="Luajit\src\lj_buf.h">
      <Filter>Headerdateien</Filter>
    </ClInclude>
    <ClInclude Include="Luajit\src\lj_carith.h">
      <Filter>Headerdateien</Filter>
    </ClInclude>
    <ClInclude Include="Luajit\src\lj_ccall.h">
      <Filter>Headerdateien</Filter>
    </ClInclude>
    <ClInclude Include="Luajit\src\lj_ccallback.h">
      <Filter>Headerdateien</Filter>
    </ClInclude>
    <ClInclude Include="Luajit\src\lj_cconv.h">
      <Filter>Headerdateien</Filter>
    </ClInclude>
    <ClInclude Include="Luajit\src\lj_cdata.h">
      <Filter>Headerdateien</Filter>
    </ClInclude>
    <ClInclude Include="Luajit\src\lj_char.h">
      <Filter>Headerdateien</Filter>
    </ClInclude>
    <ClInclude Include="Luajit\src\lj_clib.h">
      <Filter>Headerdateien</Filter>
    </ClInclude>
    <ClInclude Include="Luajit\src\lj_cparse.h">
      <Filter>Headerdateien</Filter>
    </ClInclude>
    <ClInclude Include="Luajit\src\lj_crecord.h">
      <Filter>Headerdateien</Filter>
    </ClInclude>
    <ClInclude Include="Luajit\src\lj_ctype.h">
      <Filter>Headerdateien</Filter>
    </ClInclude>
    <ClInclude Include="Luajit\src\lj_debug.h">
      <Filter>Headerdateien</Filter>
    </ClInclude>
    <ClInclude Include="Luajit\src\lj_def.h">
      <Filter>Headerdateien</Filter>
    </ClInclude>
    <ClInclude Include="Luajit\src\lj_dispatch.h">
      <Filter>Headerdateien</Filter>
    </ClInclude>
    <ClInclude Include="Luajit\src\lj_emit_arm.h">
      <Filter>Headerdateien</Filter>
    </ClInclude>
    <ClInclude Include="Luajit\src\lj_emit_arm64.h">
      <Filter>Headerdateien</Filter>
    </ClInclude>
    <ClInclude Include="Luajit\src\lj_emit_mips.h">
      <Filter>Headerdateien</Filter>
    </ClInclude>
    <ClInclude Include="Luajit\src\lj_emit_ppc.h">
      <Filter>Headerdateien</Filter>
    </ClInclude>
    <ClInclude Include="Luajit\src\lj_emit_x86.h">
      <Filter>Headerdateien</Filter>
    </ClInclude>
    <ClInclude Include="Luajit\src\lj_err.h">
      <Filter>Headerdateien</Filter>
    </ClInclude>
    <ClInclude Include="Luajit\src\lj_errmsg.h">
      <Filter>Headerdateien</Filter>
    </ClInclude>
    <ClInclude Include="Luajit\src\lj_ff.h">
      <Filter>Headerdateien</Filter>
    </ClInclude>
    <ClInclude Include="Luajit\src\lj_ffrecord.h">
      <Filter>Headerdateien</Filter>
    </ClInclude>
    <ClInclude Include="Luajit\src\lj_frame.h">
      <Filter>Headerdateien</Filter>
    </ClInclude>
    <ClInclude Include="Luajit\src\lj_func.h">
      <Filter>Headerdateien</Filter>
    </ClInclude>
    <ClInclude Include="Luajit\src\lj_gc.h">
      <Filter>Headerdateien</Filter>
    </ClInclude>
    <ClInclude Include="Luajit\src\lj_gdbjit.h">
      <Filter>Headerdateien</Filter>
    </ClInclude>
    <ClInclude Include="Luajit\src\lj_ir.h">
      <Filter>Headerdateien</Filter>
    </ClInclude>
    <ClInclude Include="Luajit\src\lj_ircall.h">
      <Filter>Headerdateien</Filter>
    </ClInclude>
    <ClInclude Include="Luajit\src\lj_iropt.h">
      <Filter>Headerdateien</Filter>
    </ClInclude>
    <ClInclude Include="Luajit\src\lj_jit.h">
      <Filter>Headerdateien</Filter>
    </ClInclude>
    <ClInclude Include="Luajit\src\lj_lex.h">
      <Filter>Headerdateien</Filter>
    </ClInclude>
    <ClInclude Include="Luajit\src\lj_lib.h">
      <Filter>Headerdateien</Filter>
    </ClInclude>
    <ClInclude Include="Luajit\src\lj_mcode.h">
      <Filter>Headerdateien</Filter>
    </ClInclude>
    <ClInclude Include="Luajit\src\lj_meta.h">
      <Filter>Headerdateien</Filter>
    </ClInclude>
    <ClInclude Include="Luajit\src\lj_obj.h">
      <Filter>Headerdateien</Filter>
    </ClInclude>
    <ClInclude Include="Luajit\src\lj_parse.h">
      <Filter>Headerdateien</Filter>
    </ClInclude>
    <ClInclude Include="Luajit\src\lj_prng.h">
      <Filter>Headerdateien</Filter>
    </ClInclude>
    <ClInclude Include="Luajit\src\lj_profile.h">
      <Filter>Headerdateien</Filter>
    </ClInclude>
    <ClInclude Include="Luajit\src\lj_record.h">
      <Filter>Headerdateien</Filter>
    </ClInclude>
    <ClInclude Include="Luajit\src\lj_serialize.h">
      <Filter>Headerdateien</Filter>
    </ClInclude>
    <ClInclude Include="Luajit\src\lj_snap.h">
      <Filter>Headerdateien</Filter>
    </ClInclude>
    <ClInclude Include="Luajit\src\lj_state.h">
      <Filter>Headerdateien</Filter>
    </ClInclude>
    <ClInclude Include="Luajit\src\lj_str.h">
      <Filter>Headerdateien</Filter>
    </ClInclude>
    <ClInclude Include="Luajit\src\lj_strfmt.h">
      <Filter>Headerdateien</Filter>
    </ClInclude>
    <ClInclude Include="Luajit\src\lj_strscan.h">
      <Filter>Headerdateien</Filter>
    </ClInclude>
    <ClInclude Include="Luajit\src\lj_tab.h">
      <Filter>Headerdateien</Filter>
    </ClInclude>
    <ClInclude Include="Luajit\src\lj_target.h">
      <Filter>Headerdateien</Filter>
    </ClInclude>
    <ClInclude Include="Luajit\src\lj_target_arm.h">
      <Filter>Headerdateien</Filter>
    </ClInclude>
    <ClInclude Include="Luajit\src\lj_target_arm64.h">
      <Filter>Headerdateien</Filter>
    </ClInclude>
    <ClInclude Include="Luajit\src\lj_target_mips.h">
      <Filter>Headerdateien</Filter>
    </ClInclude>
    <ClInclude Include="Luajit\src\lj_target_ppc.h">
      <Filter>Headerdateien</Filter>
    </ClInclude>
    <ClInclude Include="Luajit\src\lj_target_x86.h">
      <Filter>Headerdateien</Filter>
    </ClInclude>
    <ClInclude Include="Luajit\src\lj_trace.h">
      <Filter>Headerdateien</Filter>
    </ClInclude>
    <ClInclude Include="Luajit\src\lj_traceerr.h">
      <Filter>Headerdateien</Filter>
    </ClInclude>
    <ClInclude Include="Luajit\src\lj_udata.h">
      <Filter>Headerdateien</Filter>
    </ClInclude>
    <ClInclude Include="Luajit\src\lj_vm.h">
      <Filter>Headerdateien</Filter>
    </ClInclude>
    <ClInclude Include="Luajit\src\lj_vmevent.h">
      <Filter>Headerdateien</Filter>
    </ClInclude>
    <ClInclude Include="Luajit\src\lua.h">
      <Filter>Headerdateien</Filter>
    </ClInclude>
    <ClInclude Include="Luajit\src\lua.hpp">
      <Filter>Headerdateien</Filter>
    </ClInclude>
    <ClInclude Include="Luajit\src\luaconf.h">
      <Filter>Headerdateien</Filter>
    </ClInclude>
    <ClInclude Include="Luajit\src\luajit_rolling.h">
      <Filter>Headerdateien</Filter>
    </ClInclude>
  </ItemGroup>
  <ItemGroup>
    <ClCompile Include="Luajit\src\lib_aux.c">
      <Filter>Quelldateien</Filter>
    </ClCompile>
    <ClCompile Include="Luajit\src\lib_base.c">
      <Filter>Quelldateien</Filter>
    </ClCompile>
    <ClCompile Include="Luajit\src\lib_bit.c">
      <Filter>Quelldateien</Filter>
    </ClCompile>
    <ClCompile Include="Luajit\src\lib_buffer.c">
      <Filter>Quelldateien</Filter>
    </ClCompile>
    <ClCompile Include="Luajit\src\lib_debug.c">
      <Filter>Quelldateien</Filter>
    </ClCompile>
    <ClCompile Include="Luajit\src\lib_ffi.c">
      <Filter>Quelldateien</Filter>
    </ClCompile>
    <ClCompile Include="Luajit\src\lib_init.c">
      <Filter>Quelldateien</Filter>
    </ClCompile>
    <ClCompile Include="Luajit\src\lib_io.c">
      <Filter>Quelldateien</Filter>
    </ClCompile>
    <ClCompile Include="Luajit\src\lib_jit.c">
      <Filter>Quelldateien</Filter>
    </ClCompile>
    <ClCompile Include="Luajit\src\lib_math.c">
      <Filter>Quelldateien</Filter>
    </ClCompile>
    <ClCompile Include="Luajit\src\lib_os.c">
      <Filter>Quelldateien</Filter>
    </ClCompile>
    <ClCompile Include="Luajit\src\lib_package.c">
      <Filter>Quelldateien</Filter>
    </ClCompile>
    <ClCompile Include="Luajit\src\lib_string.c">
      <Filter>Quelldateien</Filter>
    </ClCompile>
    <ClCompile Include="Luajit\src\lib_table.c">
      <Filter>Quelldateien</Filter>
    </ClCompile>
    <ClCompile Include="Luajit\src\lj_alloc.c">
      <Filter>Quelldateien</Filter>
    </ClCompile>
    <ClCompile Include="Luajit\src\lj_api.c">
      <Filter>Quelldateien</Filter>
    </ClCompile>
    <ClCompile Include="Luajit\src\lj_asm.c">
      <Filter>Quelldateien</Filter>
    </ClCompile>
    <ClCompile Include="Luajit\src\lj_assert.c">
      <Filter>Quelldateien</Filter>
    </ClCompile>
    <ClCompile Include="Luajit\src\lj_bc.c">
      <Filter>Quelldateien</Filter>
    </ClCompile>
    <ClCompile Include="Luajit\src\lj_bcread.c">
      <Filter>Quelldateien</Filter>
    </ClCompile>
    <ClCompile Include="Luajit\src\lj_bcwrite.c">
      <Filter>Quelldateien</Filter>
    </ClCompile>
    <ClCompile Include="Luajit\src\lj_buf.c">
      <Filter>Quelldateien</Filter>
    </ClCompile>
    <ClCompile Include="Luajit\src\lj_carith.c">
      <Filter>Quelldateien</Filter>
    </ClCompile>
    <ClCompile Include="Luajit\src\lj_ccall.c">
      <Filter>Quelldateien</Filter>
    </ClCompile>
    <ClCompile Include="Luajit\src\lj_ccallback.c">
      <Filter>Quelldateien</Filter>
    </ClCompile>
    <ClCompile Include="Luajit\src\lj_cconv.c">
      <Filter>Quelldateien</Filter>
    </ClCompile>
    <ClCompile Include="Luajit\src\lj_cdata.c">
      <Filter>Quelldateien</Filter>
    </ClCompile>
    <ClCompile Include="Luajit\src\lj_char.c">
      <Filter>Quelldateien</Filter>
    </ClCompile>
    <ClCompile Include="Luajit\src\lj_clib.c">
      <Filter>Quelldateien</Filter>
    </ClCompile>
    <ClCompile Include="Luajit\src\lj_cparse.c">
      <Filter>Quelldateien</Filter>
    </ClCompile>
    <ClCompile Include="Luajit\src\lj_crecord.c">
      <Filter>Quelldateien</Filter>
    </ClCompile>
    <ClCompile Include="Luajit\src\lj_ctype.c">
      <Filter>Quelldateien</Filter>
    </ClCompile>
    <ClCompile Include="Luajit\src\lj_debug.c">
      <Filter>Quelldateien</Filter>
    </ClCompile>
    <ClCompile Include="Luajit\src\lj_dispatch.c">
      <Filter>Quelldateien</Filter>
    </ClCompile>
    <ClCompile Include="Luajit\src\lj_err.c">
      <Filter>Quelldateien</Filter>
    </ClCompile>
    <ClCompile Include="Luajit\src\lj_ffrecord.c">
      <Filter>Quelldateien</Filter>
    </ClCompile>
    <ClCompile Include="Luajit\src\lj_func.c">
      <Filter>Quelldateien</Filter>
    </ClCompile>
    <ClCompile Include="Luajit\src\lj_gc.c">
      <Filter>Quelldateien</Filter>
    </ClCompile>
    <ClCompile Include="Luajit\src\lj_gdbjit.c">
      <Filter>Quelldateien</Filter>
    </ClCompile>
    <ClCompile Include="Luajit\src\lj_ir.c">
      <Filter>Quelldateien</Filter>
    </ClCompile>
    <ClCompile Include="Luajit\src\lj_lex.c">
      <Filter>Quelldateien</Filter>
    </ClCompile>
    <ClCompile Include="Luajit\src\lj_lib.c">
      <Filter>Quelldateien</Filter>
    </ClCompile>
    <ClCompile Include="Luajit\src\lj_load.c">
      <Filter>Quelldateien</Filter>
    </ClCompile>
    <ClCompile Include="Luajit\src\lj_mcode.c">
      <Filter>Quelldateien</Filter>
    </ClCompile>
    <ClCompile Include="Luajit\src\lj_meta.c">
      <Filter>Quelldateien</Filter>
    </ClCompile>
    <ClCompile Include="Luajit\src\lj_obj.c">
      <Filter>Quelldateien</Filter>
    </ClCompile>
    <ClCompile Include="Luajit\src\lj_opt_dce.c">
      <Filter>Quelldateien</Filter>
    </ClCompile>
    <ClCompile Include="Luajit\src\lj_opt_fold.c">
      <Filter>Quelldateien</Filter>
    </ClCompile>
    <ClCompile Include="Luajit\src\lj_opt_loop.c">
      <Filter>Quelldateien</Filter>
    </ClCompile>
    <ClCompile Include="Luajit\src\lj_opt_mem.c">
      <Filter>Quelldateien</Filter>
    </ClCompile>
    <ClCompile Include="Luajit\src\lj_opt_narrow.c">
      <Filter>Quelldateien</Filter>
    </ClCompile>
    <ClCompile Include="Luajit\src\lj_opt_sink.c">
      <Filter>Quelldateien</Filter>
    </ClCompile>
    <ClCompile Include="Luajit\src\lj_opt_split.c">
      <Filter>Quelldateien</Filter>
    </ClCompile>
    <ClCompile Include="Luajit\src\lj_parse.c">
      <Filter>Quelldateien</Filter>
    </ClCompile>
    <ClCompile Include="Luajit\src\lj_prng.c">
      <Filter>Quelldateien</Filter>
    </ClCompile>
    <ClCompile Include="Luajit\src\lj_profile.c">
      <Filter>Quelldateien</Filter>
    </ClCompile>
    <ClCompile Include="Luajit\src\lj_record.c">
      <Filter>Quelldateien</Filter>
    </ClCompile>
    <ClCompile Include="Luajit\src\lj_serialize.c">
      <Filter>Quelldateien</Filter>
    </ClCompile>
    <ClCompile Include="Luajit\src\lj_snap.c">
      <Filter>Quelldateien</Filter>
    </ClCompile>
    <ClCompile Include="Luajit\src\lj_state.c">
      <Filter>Quelldateien</Filter>
    </ClCompile>
    <ClCompile Include="Luajit\src\lj_str.c">
      <Filter>Quelldateien</Filter>
    </ClCompile>
    <ClCompile Include="Luajit\src\lj_strfmt.c">
      <Filter>Quelldateien</Filter>
    </ClCompile>
    <ClCompile Include="Luajit\src\lj_strfmt_num.c">
      <Filter>Quelldateien</Filter>
    </ClCompile>
    <ClCompile Include="Luajit\src\lj_strscan.c">
      <Filter>Quelldateien</Filter>
    </ClCompile>
    <ClCompile Include="Luajit\src\lj_tab.c">
      <Filter>Quelldateien</Filter>
    </ClCompile>
    <ClCompile Include="Luajit\src\lj_trace.c">
      <Filter>Quelldateien</Filter>
    </ClCompile>
    <ClCompile Include="Luajit\src\lj_udata.c">
      <Filter>Quelldateien</Filter>
    </ClCompile>
    <ClCompile Include="Luajit\src\lj_vmevent.c">
      <Filter>Quelldateien</Filter>
    </ClCompile>
    <ClCompile Include="Luajit\src\lj_vmmath.c">
      <Filter>Quelldateien</Filter>
    </ClCompile>
    <ClCompile Include="Luajit\src\ljamalg.c">
      <Filter>Quelldateien</Filter>
    </ClCompile>
    <ClCompile Include="Luajit\src\luajit.c">
      <Filter>Quelldateien</Filter>
    </ClCompile>
  </ItemGroup>
</Project>